
Microsoft Visual Studio Solution File, Format Version 12.00
# Visual Studio 15
VisualStudioVersion = 15.0.27130.2036
MinimumVisualStudioVersion = 10.0.40219.1
Project("{FAE04EC0-301F-11D3-BF4B-00C04F79EFBC}") = "HomeCare.Core", "Zarephath.Core\HomeCare.Core.csproj", "{8CBFFD29-1FDC-4D5F-95AA-B6C06BDDA3B3}"
EndProject
Project("{FAE04EC0-301F-11D3-BF4B-00C04F79EFBC}") = "HomeCare.Web", "Zarephath.Web\HomeCare.Web.csproj", "{3BA0E129-F071-452A-A163-D78A52BBCEC8}"
EndProject
Project("{2150E333-8FDC-42A3-9474-1A3956D46DE8}") = "EDI_837_835_HealthCare_ClaimProcessing", "EDI_837_835_HealthCare_ClaimProcessing", "{37B13A94-B2D1-4D39-8F35-7EAB92516388}"
EndProject
Project("{FAE04EC0-301F-11D3-BF4B-00C04F79EFBC}") = "OopFactory.X12", "EDI_837_835_HCCP\OopFactory.X12\OopFactory.X12.csproj", "{AFE1BBBC-B957-461C-9022-B45D3DB117C9}"
EndProject
Project("{FAE04EC0-301F-11D3-BF4B-00C04F79EFBC}") = "OopFactory.X12.Validation", "EDI_837_835_HCCP\OopFactory.X12.Validation\OopFactory.X12.Validation.csproj", "{65B52E5E-4105-4A4B-AB14-D16DFC3942A4}"
EndProject
Project("{FAE04EC0-301F-11D3-BF4B-00C04F79EFBC}") = "EDI_837_835_HCCP", "EDI_837_835_HCCP\EDI_837_835_HCCP\EDI_837_835_HCCP.csproj", "{8C743766-6204-4C1D-9F2E-61D7CC97344E}"
EndProject
Project("{00D1A9C2-B5F0-4AF3-8072-F6C62B433612}") = "HomeCare.Data", "HomeCare.Data\HomeCare.Data.sqlproj", "{8336C3DA-301B-40EC-8182-207D463EA1E1}"
EndProject
Project("{00D1A9C2-B5F0-4AF3-8072-F6C62B433612}") = "HomeCare.Data_Admin", "HomeCare.Data_Admin\HomeCare.Data_Admin.sqlproj", "{CC864AC4-F526-4B0A-8C17-9EF3AE97E4E0}"
EndProject
Global
	GlobalSection(SolutionConfigurationPlatforms) = preSolution
		Debug|Any CPU = Debug|Any CPU
		Release|Any CPU = Release|Any CPU
	EndGlobalSection
	GlobalSection(ProjectConfigurationPlatforms) = postSolution
		{8CBFFD29-1FDC-4D5F-95AA-B6C06BDDA3B3}.Debug|Any CPU.ActiveCfg = Debug|Any CPU
		{8CBFFD29-1FDC-4D5F-95AA-B6C06BDDA3B3}.Debug|Any CPU.Build.0 = Debug|Any CPU
		{8CBFFD29-1FDC-4D5F-95AA-B6C06BDDA3B3}.Release|Any CPU.ActiveCfg = Release|Any CPU
		{8CBFFD29-1FDC-4D5F-95AA-B6C06BDDA3B3}.Release|Any CPU.Build.0 = Release|Any CPU
		{3BA0E129-F071-452A-A163-D78A52BBCEC8}.Debug|Any CPU.ActiveCfg = Debug|Any CPU
		{3BA0E129-F071-452A-A163-D78A52BBCEC8}.Debug|Any CPU.Build.0 = Debug|Any CPU
		{3BA0E129-F071-452A-A163-D78A52BBCEC8}.Release|Any CPU.ActiveCfg = Release|Any CPU
		{3BA0E129-F071-452A-A163-D78A52BBCEC8}.Release|Any CPU.Build.0 = Release|Any CPU
		{AFE1BBBC-B957-461C-9022-B45D3DB117C9}.Debug|Any CPU.ActiveCfg = Debug|Any CPU
		{AFE1BBBC-B957-461C-9022-B45D3DB117C9}.Debug|Any CPU.Build.0 = Debug|Any CPU
		{AFE1BBBC-B957-461C-9022-B45D3DB117C9}.Release|Any CPU.ActiveCfg = Release|Any CPU
		{AFE1BBBC-B957-461C-9022-B45D3DB117C9}.Release|Any CPU.Build.0 = Release|Any CPU
		{65B52E5E-4105-4A4B-AB14-D16DFC3942A4}.Debug|Any CPU.ActiveCfg = Debug|Any CPU
		{65B52E5E-4105-4A4B-AB14-D16DFC3942A4}.Debug|Any CPU.Build.0 = Debug|Any CPU
		{65B52E5E-4105-4A4B-AB14-D16DFC3942A4}.Release|Any CPU.ActiveCfg = Release|Any CPU
		{65B52E5E-4105-4A4B-AB14-D16DFC3942A4}.Release|Any CPU.Build.0 = Release|Any CPU
		{8C743766-6204-4C1D-9F2E-61D7CC97344E}.Debug|Any CPU.ActiveCfg = Debug|Any CPU
		{8C743766-6204-4C1D-9F2E-61D7CC97344E}.Debug|Any CPU.Build.0 = Debug|Any CPU
		{8C743766-6204-4C1D-9F2E-61D7CC97344E}.Release|Any CPU.ActiveCfg = Release|Any CPU
		{8C743766-6204-4C1D-9F2E-61D7CC97344E}.Release|Any CPU.Build.0 = Release|Any CPU
		{8336C3DA-301B-40EC-8182-207D463EA1E1}.Debug|Any CPU.ActiveCfg = Debug|Any CPU
		{8336C3DA-301B-40EC-8182-207D463EA1E1}.Debug|Any CPU.Build.0 = Debug|Any CPU
		{8336C3DA-301B-40EC-8182-207D463EA1E1}.Debug|Any CPU.Deploy.0 = Debug|Any CPU
		{8336C3DA-301B-40EC-8182-207D463EA1E1}.Release|Any CPU.ActiveCfg = Release|Any CPU
		{8336C3DA-301B-40EC-8182-207D463EA1E1}.Release|Any CPU.Build.0 = Release|Any CPU
		{8336C3DA-301B-40EC-8182-207D463EA1E1}.Release|Any CPU.Deploy.0 = Release|Any CPU
		{CC864AC4-F526-4B0A-8C17-9EF3AE97E4E0}.Debug|Any CPU.ActiveCfg = Debug|Any CPU
		{CC864AC4-F526-4B0A-8C17-9EF3AE97E4E0}.Debug|Any CPU.Build.0 = Debug|Any CPU
		{CC864AC4-F526-4B0A-8C17-9EF3AE97E4E0}.Debug|Any CPU.Deploy.0 = Debug|Any CPU
		{CC864AC4-F526-4B0A-8C17-9EF3AE97E4E0}.Release|Any CPU.ActiveCfg = Release|Any CPU
		{CC864AC4-F526-4B0A-8C17-9EF3AE97E4E0}.Release|Any CPU.Build.0 = Release|Any CPU
		{CC864AC4-F526-4B0A-8C17-9EF3AE97E4E0}.Release|Any CPU.Deploy.0 = Release|Any CPU
	EndGlobalSection
	GlobalSection(SolutionProperties) = preSolution
		HideSolutionNode = FALSE
	EndGlobalSection
	GlobalSection(NestedProjects) = preSolution
		{AFE1BBBC-B957-461C-9022-B45D3DB117C9} = {37B13A94-B2D1-4D39-8F35-7EAB92516388}
		{65B52E5E-4105-4A4B-AB14-D16DFC3942A4} = {37B13A94-B2D1-4D39-8F35-7EAB92516388}
		{8C743766-6204-4C1D-9F2E-61D7CC97344E} = {37B13A94-B2D1-4D39-8F35-7EAB92516388}
	EndGlobalSection
	GlobalSection(ExtensibilityGlobals) = postSolution
		SolutionGuid = {867F850B-11E1-4F9F-8B16-452C38C2D702}
	EndGlobalSection
EndGlobal
